
Microsoft Visual Studio Solution File, Format Version 11.00
# Visual Studio 2010
Project("{FAE04EC0-301F-11D3-BF4B-00C04F79EFBC}") = "Assembly-CSharp", "Assembly-CSharp.csproj", "{582a70cc-6ab1-4708-adb8-81864873968f}"
EndProject
Project("{FAE04EC0-301F-11D3-BF4B-00C04F79EFBC}") = "Boxophobic.Utils.Scripts", "Boxophobic.Utils.Scripts.csproj", "{2cf1ab32-a0c2-c286-fb4d-a4e8f1a1650d}"
EndProject
Project("{FAE04EC0-301F-11D3-BF4B-00C04F79EFBC}") = "Assembly-CSharp-firstpass", "Assembly-CSharp-firstpass.csproj", "{0a3ee15b-a1b0-f4f2-e32f-29abecdd1e5b}"
EndProject
Project("{FAE04EC0-301F-11D3-BF4B-00C04F79EFBC}") = "Boxophobic.Utils.Editor", "Boxophobic.Utils.Editor.csproj", "{ea0de199-9d28-7212-a61b-421fe4581502}"
EndProject
Project("{FAE04EC0-301F-11D3-BF4B-00C04F79EFBC}") = "Boxophobic.SkyboxCubemapExtended.Editor", "Boxophobic.SkyboxCubemapExtended.Editor.csproj", "{a943d3e4-e126-59ac-8a18-87a5a9e1c492}"
EndProject
Project("{FAE04EC0-301F-11D3-BF4B-00C04F79EFBC}") = "Assembly-CSharp-Editor-firstpass", "Assembly-CSharp-Editor-firstpass.csproj", "{30917b33-99af-5f5d-3be0-f90ee0c9ab6f}"
EndProject
Global
	GlobalSection(SolutionConfigurationPlatforms) = preSolution
		Debug|Any CPU = Debug|Any CPU
	EndGlobalSection
	GlobalSection(ProjectConfigurationPlatforms) = postSolution
		{582a70cc-6ab1-4708-adb8-81864873968f}.Debug|Any CPU.ActiveCfg = Debug|Any CPU
		{582a70cc-6ab1-4708-adb8-81864873968f}.Debug|Any CPU.Build.0 = Debug|Any CPU
		{2cf1ab32-a0c2-c286-fb4d-a4e8f1a1650d}.Debug|Any CPU.ActiveCfg = Debug|Any CPU
		{2cf1ab32-a0c2-c286-fb4d-a4e8f1a1650d}.Debug|Any CPU.Build.0 = Debug|Any CPU
		{0a3ee15b-a1b0-f4f2-e32f-29abecdd1e5b}.Debug|Any CPU.ActiveCfg = Debug|Any CPU
		{0a3ee15b-a1b0-f4f2-e32f-29abecdd1e5b}.Debug|Any CPU.Build.0 = Debug|Any CPU
		{ea0de199-9d28-7212-a61b-421fe4581502}.Debug|Any CPU.ActiveCfg = Debug|Any CPU
		{ea0de199-9d28-7212-a61b-421fe4581502}.Debug|Any CPU.Build.0 = Debug|Any CPU
		{a943d3e4-e126-59ac-8a18-87a5a9e1c492}.Debug|Any CPU.ActiveCfg = Debug|Any CPU
		{a943d3e4-e126-59ac-8a18-87a5a9e1c492}.Debug|Any CPU.Build.0 = Debug|Any CPU
		{30917b33-99af-5f5d-3be0-f90ee0c9ab6f}.Debug|Any CPU.ActiveCfg = Debug|Any CPU
		{30917b33-99af-5f5d-3be0-f90ee0c9ab6f}.Debug|Any CPU.Build.0 = Debug|Any CPU
	EndGlobalSection
	GlobalSection(SolutionProperties) = preSolution
		HideSolutionNode = FALSE
	EndGlobalSection
EndGlobal
